
Microsoft Visual Studio Solution File, Format Version 12.00
# Visual Studio 14
VisualStudioVersion = 14.0.23107.0
MinimumVisualStudioVersion = 10.0.40219.1
Project("{FAE04EC0-301F-11D3-BF4B-00C04F79EFBC}") = "Baibaomen.DevModel.Businsess", "Baibaomen.DevModel.Businsess\Baibaomen.DevModel.Businsess.csproj", "{0D6AC8C8-0AF3-4981-9E12-FF1085C1080E}"
EndProject
Project("{FAE04EC0-301F-11D3-BF4B-00C04F79EFBC}") = "Baibaomen.DevModel.Infrastructure.WebApi", "Baibaomen.DevModel.Infrastructure.WebApi\Baibaomen.DevModel.Infrastructure.WebApi.csproj", "{CCCDA1FB-F3A8-4B16-ABC8-C59A51EC7EBC}"
EndProject
Project("{FAE04EC0-301F-11D3-BF4B-00C04F79EFBC}") = "Baibaomen.DevModel.ApiSite", "Baibaomen.DevModel.ApiSite\Baibaomen.DevModel.ApiSite.csproj", "{07605CEF-9BE4-4C50-832C-79991F4447AF}"
EndProject
Project("{FAE04EC0-301F-11D3-BF4B-00C04F79EFBC}") = "Baibaomen.DevModel.Infrastructure", "Baibaomen.DevModel.Infrastructure\Baibaomen.DevModel.Infrastructure.csproj", "{B8F690DA-2D27-4668-958C-BE04761DB213}"
EndProject
Project("{2150E333-8FDC-42A3-9474-1A3956D46DE8}") = "ApiSite", "ApiSite", "{7B49BC8B-32B2-495A-848B-F8FA136BDE0B}"
EndProject
Project("{FAE04EC0-301F-11D3-BF4B-00C04F79EFBC}") = "Baibaomen.DevModel.CATest", "Baibaomen.DevModel.CATest\Baibaomen.DevModel.CATest.csproj", "{FE91F70F-366D-44EB-9338-42EC785E6057}"
EndProject
Project("{FAE04EC0-301F-11D3-BF4B-00C04F79EFBC}") = "Baibaomen.DevModel.MVCClientTest", "Baibaomen.DevModel.MVCClientTest\Baibaomen.DevModel.MVCClientTest.csproj", "{4522F819-6D22-4B4F-96B0-235E98900A36}"
EndProject
Project("{FAE04EC0-301F-11D3-BF4B-00C04F79EFBC}") = "Baibaomen.DevModel.WebApiClientTest", "Baibaomen.DevModel.WebApiClientTest\Baibaomen.DevModel.WebApiClientTest.csproj", "{78B8AE34-B988-4704-A4DA-F916B2A58992}"
EndProject
Project("{FAE04EC0-301F-11D3-BF4B-00C04F79EFBC}") = "Baibaomen.DevModel.FrontendTest", "Baibaomen.DevModel.FrontendTest\Baibaomen.DevModel.FrontendTest.csproj", "{91EEC535-5FE7-4F1A-BF9C-F9203B3A3C90}"
EndProject
Project("{2150E333-8FDC-42A3-9474-1A3956D46DE8}") = "IdentityServer", "IdentityServer", "{FFF346C8-D2E4-4847-82F2-C6E822FB01BB}"
EndProject
Project("{FAE04EC0-301F-11D3-BF4B-00C04F79EFBC}") = "Cli", "IdentityServer3.EntityFramework.Cli-master\source\Cli\Cli.csproj", "{CE220181-1B6C-4FF2-9FD8-018638BF2BB9}"
EndProject
Project("{FAE04EC0-301F-11D3-BF4B-00C04F79EFBC}") = "Baibaomen.DevModel.CA", "Baibaomen.DevModel.CA\Baibaomen.DevModel.CA.csproj", "{1D00AE4C-98A5-4E37-B5C0-E57F7B8A54FA}"
EndProject
Project("{FAE04EC0-301F-11D3-BF4B-00C04F79EFBC}") = "Baibaomen.CA", "Baibaomen.CA\Baibaomen.CA.csproj", "{A0CD695A-B4CF-45CD-8913-EC00B6923C02}"
EndProject
Global
	GlobalSection(SolutionConfigurationPlatforms) = preSolution
		Debug|Any CPU = Debug|Any CPU
		Release|Any CPU = Release|Any CPU
	EndGlobalSection
	GlobalSection(ProjectConfigurationPlatforms) = postSolution
		{0D6AC8C8-0AF3-4981-9E12-FF1085C1080E}.Debug|Any CPU.ActiveCfg = Debug|Any CPU
		{0D6AC8C8-0AF3-4981-9E12-FF1085C1080E}.Debug|Any CPU.Build.0 = Debug|Any CPU
		{0D6AC8C8-0AF3-4981-9E12-FF1085C1080E}.Release|Any CPU.ActiveCfg = Release|Any CPU
		{0D6AC8C8-0AF3-4981-9E12-FF1085C1080E}.Release|Any CPU.Build.0 = Release|Any CPU
		{CCCDA1FB-F3A8-4B16-ABC8-C59A51EC7EBC}.Debug|Any CPU.ActiveCfg = Debug|Any CPU
		{CCCDA1FB-F3A8-4B16-ABC8-C59A51EC7EBC}.Debug|Any CPU.Build.0 = Debug|Any CPU
		{CCCDA1FB-F3A8-4B16-ABC8-C59A51EC7EBC}.Release|Any CPU.ActiveCfg = Release|Any CPU
		{CCCDA1FB-F3A8-4B16-ABC8-C59A51EC7EBC}.Release|Any CPU.Build.0 = Release|Any CPU
		{07605CEF-9BE4-4C50-832C-79991F4447AF}.Debug|Any CPU.ActiveCfg = Debug|Any CPU
		{07605CEF-9BE4-4C50-832C-79991F4447AF}.Debug|Any CPU.Build.0 = Debug|Any CPU
		{07605CEF-9BE4-4C50-832C-79991F4447AF}.Release|Any CPU.ActiveCfg = Release|Any CPU
		{07605CEF-9BE4-4C50-832C-79991F4447AF}.Release|Any CPU.Build.0 = Release|Any CPU
		{B8F690DA-2D27-4668-958C-BE04761DB213}.Debug|Any CPU.ActiveCfg = Debug|Any CPU
		{B8F690DA-2D27-4668-958C-BE04761DB213}.Debug|Any CPU.Build.0 = Debug|Any CPU
		{B8F690DA-2D27-4668-958C-BE04761DB213}.Release|Any CPU.ActiveCfg = Release|Any CPU
		{B8F690DA-2D27-4668-958C-BE04761DB213}.Release|Any CPU.Build.0 = Release|Any CPU
		{FE91F70F-366D-44EB-9338-42EC785E6057}.Debug|Any CPU.ActiveCfg = Debug|Any CPU
		{FE91F70F-366D-44EB-9338-42EC785E6057}.Debug|Any CPU.Build.0 = Debug|Any CPU
		{FE91F70F-366D-44EB-9338-42EC785E6057}.Release|Any CPU.ActiveCfg = Release|Any CPU
		{FE91F70F-366D-44EB-9338-42EC785E6057}.Release|Any CPU.Build.0 = Release|Any CPU
		{4522F819-6D22-4B4F-96B0-235E98900A36}.Debug|Any CPU.ActiveCfg = Debug|Any CPU
		{4522F819-6D22-4B4F-96B0-235E98900A36}.Debug|Any CPU.Build.0 = Debug|Any CPU
		{4522F819-6D22-4B4F-96B0-235E98900A36}.Release|Any CPU.ActiveCfg = Release|Any CPU
		{4522F819-6D22-4B4F-96B0-235E98900A36}.Release|Any CPU.Build.0 = Release|Any CPU
		{78B8AE34-B988-4704-A4DA-F916B2A58992}.Debug|Any CPU.ActiveCfg = Debug|Any CPU
		{78B8AE34-B988-4704-A4DA-F916B2A58992}.Debug|Any CPU.Build.0 = Debug|Any CPU
		{78B8AE34-B988-4704-A4DA-F916B2A58992}.Release|Any CPU.ActiveCfg = Release|Any CPU
		{78B8AE34-B988-4704-A4DA-F916B2A58992}.Release|Any CPU.Build.0 = Release|Any CPU
		{91EEC535-5FE7-4F1A-BF9C-F9203B3A3C90}.Debug|Any CPU.ActiveCfg = Debug|Any CPU
		{91EEC535-5FE7-4F1A-BF9C-F9203B3A3C90}.Debug|Any CPU.Build.0 = Debug|Any CPU
		{91EEC535-5FE7-4F1A-BF9C-F9203B3A3C90}.Release|Any CPU.ActiveCfg = Release|Any CPU
		{91EEC535-5FE7-4F1A-BF9C-F9203B3A3C90}.Release|Any CPU.Build.0 = Release|Any CPU
		{CE220181-1B6C-4FF2-9FD8-018638BF2BB9}.Debug|Any CPU.ActiveCfg = Debug|Any CPU
		{CE220181-1B6C-4FF2-9FD8-018638BF2BB9}.Debug|Any CPU.Build.0 = Debug|Any CPU
		{CE220181-1B6C-4FF2-9FD8-018638BF2BB9}.Release|Any CPU.ActiveCfg = Release|Any CPU
		{CE220181-1B6C-4FF2-9FD8-018638BF2BB9}.Release|Any CPU.Build.0 = Release|Any CPU
		{1D00AE4C-98A5-4E37-B5C0-E57F7B8A54FA}.Debug|Any CPU.ActiveCfg = Debug|Any CPU
		{1D00AE4C-98A5-4E37-B5C0-E57F7B8A54FA}.Debug|Any CPU.Build.0 = Debug|Any CPU
		{1D00AE4C-98A5-4E37-B5C0-E57F7B8A54FA}.Release|Any CPU.ActiveCfg = Release|Any CPU
		{1D00AE4C-98A5-4E37-B5C0-E57F7B8A54FA}.Release|Any CPU.Build.0 = Release|Any CPU
		{A0CD695A-B4CF-45CD-8913-EC00B6923C02}.Debug|Any CPU.ActiveCfg = Debug|Any CPU
		{A0CD695A-B4CF-45CD-8913-EC00B6923C02}.Debug|Any CPU.Build.0 = Debug|Any CPU
		{A0CD695A-B4CF-45CD-8913-EC00B6923C02}.Release|Any CPU.ActiveCfg = Release|Any CPU
		{A0CD695A-B4CF-45CD-8913-EC00B6923C02}.Release|Any CPU.Build.0 = Release|Any CPU
	EndGlobalSection
	GlobalSection(SolutionProperties) = preSolution
		HideSolutionNode = FALSE
	EndGlobalSection
	GlobalSection(NestedProjects) = preSolution
		{0D6AC8C8-0AF3-4981-9E12-FF1085C1080E} = {7B49BC8B-32B2-495A-848B-F8FA136BDE0B}
		{CCCDA1FB-F3A8-4B16-ABC8-C59A51EC7EBC} = {7B49BC8B-32B2-495A-848B-F8FA136BDE0B}
		{07605CEF-9BE4-4C50-832C-79991F4447AF} = {7B49BC8B-32B2-495A-848B-F8FA136BDE0B}
		{B8F690DA-2D27-4668-958C-BE04761DB213} = {7B49BC8B-32B2-495A-848B-F8FA136BDE0B}
		{FE91F70F-366D-44EB-9338-42EC785E6057} = {FFF346C8-D2E4-4847-82F2-C6E822FB01BB}
		{4522F819-6D22-4B4F-96B0-235E98900A36} = {FFF346C8-D2E4-4847-82F2-C6E822FB01BB}
		{78B8AE34-B988-4704-A4DA-F916B2A58992} = {FFF346C8-D2E4-4847-82F2-C6E822FB01BB}
		{CE220181-1B6C-4FF2-9FD8-018638BF2BB9} = {FFF346C8-D2E4-4847-82F2-C6E822FB01BB}
		{1D00AE4C-98A5-4E37-B5C0-E57F7B8A54FA} = {FFF346C8-D2E4-4847-82F2-C6E822FB01BB}
		{A0CD695A-B4CF-45CD-8913-EC00B6923C02} = {FFF346C8-D2E4-4847-82F2-C6E822FB01BB}
	EndGlobalSection
EndGlobal
