
Microsoft Visual Studio Solution File, Format Version 12.00
# Visual Studio 14
VisualStudioVersion = 14.0.25420.1
MinimumVisualStudioVersion = 10.0.40219.1
Project("{FAE04EC0-301F-11D3-BF4B-00C04F79EFBC}") = "Baibaomen.DevModel.Businsess", "Baibaomen.DevModel.Businsess\Baibaomen.DevModel.Businsess.csproj", "{0D6AC8C8-0AF3-4981-9E12-FF1085C1080E}"
EndProject
Project("{FAE04EC0-301F-11D3-BF4B-00C04F79EFBC}") = "Baibaomen.DevModel.Infrastructure.WebApi", "Baibaomen.DevModel.Infrastructure.WebApi\Baibaomen.DevModel.Infrastructure.WebApi.csproj", "{CCCDA1FB-F3A8-4B16-ABC8-C59A51EC7EBC}"
EndProject
Project("{FAE04EC0-301F-11D3-BF4B-00C04F79EFBC}") = "Baibaomen.DevModel.Infrastructure", "Baibaomen.DevModel.Infrastructure\Baibaomen.DevModel.Infrastructure.csproj", "{B8F690DA-2D27-4668-958C-BE04761DB213}"
EndProject
Project("{2150E333-8FDC-42A3-9474-1A3956D46DE8}") = "ApiSite", "ApiSite", "{7B49BC8B-32B2-495A-848B-F8FA136BDE0B}"
EndProject
Project("{FAE04EC0-301F-11D3-BF4B-00C04F79EFBC}") = "Baibaomen.DevModel.CATest", "Baibaomen.DevModel.CATest\Baibaomen.DevModel.CATest.csproj", "{FE91F70F-366D-44EB-9338-42EC785E6057}"
EndProject
Project("{2150E333-8FDC-42A3-9474-1A3956D46DE8}") = "IdentityServer", "IdentityServer", "{FFF346C8-D2E4-4847-82F2-C6E822FB01BB}"
EndProject
Project("{FAE04EC0-301F-11D3-BF4B-00C04F79EFBC}") = "Baibaomen.CA", "Baibaomen.CA\Baibaomen.CA.csproj", "{A0CD695A-B4CF-45CD-8913-EC00B6923C02}"
EndProject
Project("{FAE04EC0-301F-11D3-BF4B-00C04F79EFBC}") = "Baibaomen.DevModel.ApiWeb", "Baibaomen.DevModel.ApiWeb\Baibaomen.DevModel.ApiWeb.csproj", "{5384E213-EEBD-4E80-85FE-75B11DEC4147}"
EndProject
Project("{2150E333-8FDC-42A3-9474-1A3956D46DE8}") = "Frontend", "Frontend", "{580FF6B0-F860-473D-8378-8E19DDA811E1}"
EndProject
Project("{E24C65DC-7377-472B-9ABA-BC803B73C61A}") = "Baibaomen.DevModel.Website", "Baibaomen.DevModel.Website\", "{1F1EBE0A-D0D9-4F5B-A9F9-F17BABE9D2DB}"
	ProjectSection(WebsiteProperties) = preProject
		TargetFrameworkMoniker = ".NETFramework,Version%3Dv4.6"
		Debug.AspNetCompiler.VirtualPath = "/localhost_4386"
		Debug.AspNetCompiler.PhysicalPath = "Baibaomen.DevModel.Website\"
		Debug.AspNetCompiler.TargetPath = "PrecompiledWeb\localhost_4386\"
		Debug.AspNetCompiler.Updateable = "true"
		Debug.AspNetCompiler.ForceOverwrite = "true"
		Debug.AspNetCompiler.FixedNames = "false"
		Debug.AspNetCompiler.Debug = "True"
		Release.AspNetCompiler.VirtualPath = "/localhost_4386"
		Release.AspNetCompiler.PhysicalPath = "Baibaomen.DevModel.Website\"
		Release.AspNetCompiler.TargetPath = "PrecompiledWeb\localhost_4386\"
		Release.AspNetCompiler.Updateable = "true"
		Release.AspNetCompiler.ForceOverwrite = "true"
		Release.AspNetCompiler.FixedNames = "false"
		Release.AspNetCompiler.Debug = "False"
		VWDPort = "4386"
		SlnRelativePath = "Baibaomen.DevModel.Website\"
		DefaultWebSiteLanguage = "Visual C#"
	EndProjectSection
EndProject
Project("{2150E333-8FDC-42A3-9474-1A3956D46DE8}") = "Services", "Services", "{D833591D-CA2A-413D-B060-C5509DE4F9DD}"
EndProject
Project("{FAE04EC0-301F-11D3-BF4B-00C04F79EFBC}") = "Baibaomen.FileService", "Baibaomen.FileServer\Baibaomen.FileService.csproj", "{FCEE9E75-F475-4784-BB1C-2881098D8DD3}"
EndProject
Project("{2150E333-8FDC-42A3-9474-1A3956D46DE8}") = "Infrastruccture", "Infrastruccture", "{D7D4F250-7EFE-412F-B0CE-C5EF32448300}"
EndProject
Project("{2150E333-8FDC-42A3-9474-1A3956D46DE8}") = "Business", "Business", "{75C568C9-CF77-4BA9-B61A-E6B61682BB8D}"
EndProject
Project("{E24C65DC-7377-472B-9ABA-BC803B73C61A}") = "Baibaomen.DevModel.NgSite", "Baibaomen.DevModel.NgSite\", "{06B4D1C0-28C3-417C-BFAF-754BE0C4E23B}"
	ProjectSection(WebsiteProperties) = preProject
		TargetFrameworkMoniker = ".NETFramework,Version%3Dv4.0"
		Debug.AspNetCompiler.VirtualPath = "/localhost_21984"
		Debug.AspNetCompiler.PhysicalPath = "Baibaomen.DevModel.NgSite\"
		Debug.AspNetCompiler.TargetPath = "PrecompiledWeb\localhost_21984\"
		Debug.AspNetCompiler.Updateable = "true"
		Debug.AspNetCompiler.ForceOverwrite = "true"
		Debug.AspNetCompiler.FixedNames = "false"
		Debug.AspNetCompiler.Debug = "True"
		Release.AspNetCompiler.VirtualPath = "/localhost_21984"
		Release.AspNetCompiler.PhysicalPath = "Baibaomen.DevModel.NgSite\"
		Release.AspNetCompiler.TargetPath = "PrecompiledWeb\localhost_21984\"
		Release.AspNetCompiler.Updateable = "true"
		Release.AspNetCompiler.ForceOverwrite = "true"
		Release.AspNetCompiler.FixedNames = "false"
		Release.AspNetCompiler.Debug = "False"
		VWDPort = "21984"
		SlnRelativePath = "Baibaomen.DevModel.NgSite\"
	EndProjectSection
EndProject
Global
	GlobalSection(SolutionConfigurationPlatforms) = preSolution
		Debug|Any CPU = Debug|Any CPU
		Release|Any CPU = Release|Any CPU
	EndGlobalSection
	GlobalSection(ProjectConfigurationPlatforms) = postSolution
		{0D6AC8C8-0AF3-4981-9E12-FF1085C1080E}.Debug|Any CPU.ActiveCfg = Debug|Any CPU
		{0D6AC8C8-0AF3-4981-9E12-FF1085C1080E}.Debug|Any CPU.Build.0 = Debug|Any CPU
		{0D6AC8C8-0AF3-4981-9E12-FF1085C1080E}.Release|Any CPU.ActiveCfg = Release|Any CPU
		{0D6AC8C8-0AF3-4981-9E12-FF1085C1080E}.Release|Any CPU.Build.0 = Release|Any CPU
		{CCCDA1FB-F3A8-4B16-ABC8-C59A51EC7EBC}.Debug|Any CPU.ActiveCfg = Debug|Any CPU
		{CCCDA1FB-F3A8-4B16-ABC8-C59A51EC7EBC}.Debug|Any CPU.Build.0 = Debug|Any CPU
		{CCCDA1FB-F3A8-4B16-ABC8-C59A51EC7EBC}.Release|Any CPU.ActiveCfg = Release|Any CPU
		{CCCDA1FB-F3A8-4B16-ABC8-C59A51EC7EBC}.Release|Any CPU.Build.0 = Release|Any CPU
		{B8F690DA-2D27-4668-958C-BE04761DB213}.Debug|Any CPU.ActiveCfg = Debug|Any CPU
		{B8F690DA-2D27-4668-958C-BE04761DB213}.Debug|Any CPU.Build.0 = Debug|Any CPU
		{B8F690DA-2D27-4668-958C-BE04761DB213}.Release|Any CPU.ActiveCfg = Release|Any CPU
		{B8F690DA-2D27-4668-958C-BE04761DB213}.Release|Any CPU.Build.0 = Release|Any CPU
		{FE91F70F-366D-44EB-9338-42EC785E6057}.Debug|Any CPU.ActiveCfg = Debug|Any CPU
		{FE91F70F-366D-44EB-9338-42EC785E6057}.Debug|Any CPU.Build.0 = Debug|Any CPU
		{FE91F70F-366D-44EB-9338-42EC785E6057}.Release|Any CPU.ActiveCfg = Release|Any CPU
		{FE91F70F-366D-44EB-9338-42EC785E6057}.Release|Any CPU.Build.0 = Release|Any CPU
		{A0CD695A-B4CF-45CD-8913-EC00B6923C02}.Debug|Any CPU.ActiveCfg = Debug|Any CPU
		{A0CD695A-B4CF-45CD-8913-EC00B6923C02}.Debug|Any CPU.Build.0 = Debug|Any CPU
		{A0CD695A-B4CF-45CD-8913-EC00B6923C02}.Release|Any CPU.ActiveCfg = Release|Any CPU
		{A0CD695A-B4CF-45CD-8913-EC00B6923C02}.Release|Any CPU.Build.0 = Release|Any CPU
		{5384E213-EEBD-4E80-85FE-75B11DEC4147}.Debug|Any CPU.ActiveCfg = Debug|Any CPU
		{5384E213-EEBD-4E80-85FE-75B11DEC4147}.Debug|Any CPU.Build.0 = Debug|Any CPU
		{5384E213-EEBD-4E80-85FE-75B11DEC4147}.Release|Any CPU.ActiveCfg = Release|Any CPU
		{5384E213-EEBD-4E80-85FE-75B11DEC4147}.Release|Any CPU.Build.0 = Release|Any CPU
		{1F1EBE0A-D0D9-4F5B-A9F9-F17BABE9D2DB}.Debug|Any CPU.ActiveCfg = Debug|Any CPU
		{1F1EBE0A-D0D9-4F5B-A9F9-F17BABE9D2DB}.Release|Any CPU.ActiveCfg = Debug|Any CPU
		{FCEE9E75-F475-4784-BB1C-2881098D8DD3}.Debug|Any CPU.ActiveCfg = Debug|Any CPU
		{FCEE9E75-F475-4784-BB1C-2881098D8DD3}.Debug|Any CPU.Build.0 = Debug|Any CPU
		{FCEE9E75-F475-4784-BB1C-2881098D8DD3}.Release|Any CPU.ActiveCfg = Release|Any CPU
		{FCEE9E75-F475-4784-BB1C-2881098D8DD3}.Release|Any CPU.Build.0 = Release|Any CPU
		{06B4D1C0-28C3-417C-BFAF-754BE0C4E23B}.Debug|Any CPU.ActiveCfg = Debug|Any CPU
		{06B4D1C0-28C3-417C-BFAF-754BE0C4E23B}.Debug|Any CPU.Build.0 = Debug|Any CPU
		{06B4D1C0-28C3-417C-BFAF-754BE0C4E23B}.Release|Any CPU.ActiveCfg = Debug|Any CPU
		{06B4D1C0-28C3-417C-BFAF-754BE0C4E23B}.Release|Any CPU.Build.0 = Debug|Any CPU
	EndGlobalSection
	GlobalSection(SolutionProperties) = preSolution
		HideSolutionNode = FALSE
	EndGlobalSection
	GlobalSection(NestedProjects) = preSolution
		{0D6AC8C8-0AF3-4981-9E12-FF1085C1080E} = {75C568C9-CF77-4BA9-B61A-E6B61682BB8D}
		{CCCDA1FB-F3A8-4B16-ABC8-C59A51EC7EBC} = {D7D4F250-7EFE-412F-B0CE-C5EF32448300}
		{B8F690DA-2D27-4668-958C-BE04761DB213} = {D7D4F250-7EFE-412F-B0CE-C5EF32448300}
		{FE91F70F-366D-44EB-9338-42EC785E6057} = {FFF346C8-D2E4-4847-82F2-C6E822FB01BB}
		{A0CD695A-B4CF-45CD-8913-EC00B6923C02} = {FFF346C8-D2E4-4847-82F2-C6E822FB01BB}
		{5384E213-EEBD-4E80-85FE-75B11DEC4147} = {7B49BC8B-32B2-495A-848B-F8FA136BDE0B}
		{1F1EBE0A-D0D9-4F5B-A9F9-F17BABE9D2DB} = {580FF6B0-F860-473D-8378-8E19DDA811E1}
		{FCEE9E75-F475-4784-BB1C-2881098D8DD3} = {D833591D-CA2A-413D-B060-C5509DE4F9DD}
		{06B4D1C0-28C3-417C-BFAF-754BE0C4E23B} = {580FF6B0-F860-473D-8378-8E19DDA811E1}
	EndGlobalSection
EndGlobal
